
Microsoft Visual Studio Solution File, Format Version 12.00
# Visual Studio Version 16
VisualStudioVersion = 16.0.30002.166
MinimumVisualStudioVersion = 10.0.40219.1
Project("{FAE04EC0-301F-11D3-BF4B-00C04F79EFBC}") = "Lab5", "Lab5\Lab5.csproj", "{BEF1AFEB-126D-48FD-80C7-0D3459253A71}"
EndProject
Project("{FAE04EC0-301F-11D3-BF4B-00C04F79EFBC}") = "Lab5WPF", "Lab5WPF\Lab5WPF.csproj", "{29668ED0-8B18-4C6E-B0D6-E24651376458}"
EndProject
Global
	GlobalSection(SolutionConfigurationPlatforms) = preSolution
		Debug|Any CPU = Debug|Any CPU
		Release|Any CPU = Release|Any CPU
	EndGlobalSection
	GlobalSection(ProjectConfigurationPlatforms) = postSolution
		{BEF1AFEB-126D-48FD-80C7-0D3459253A71}.Debug|Any CPU.ActiveCfg = Debug|Any CPU
		{BEF1AFEB-126D-48FD-80C7-0D3459253A71}.Debug|Any CPU.Build.0 = Debug|Any CPU
		{BEF1AFEB-126D-48FD-80C7-0D3459253A71}.Release|Any CPU.ActiveCfg = Release|Any CPU
		{BEF1AFEB-126D-48FD-80C7-0D3459253A71}.Release|Any CPU.Build.0 = Release|Any CPU
		{29668ED0-8B18-4C6E-B0D6-E24651376458}.Debug|Any CPU.ActiveCfg = Debug|Any CPU
		{29668ED0-8B18-4C6E-B0D6-E24651376458}.Debug|Any CPU.Build.0 = Debug|Any CPU
		{29668ED0-8B18-4C6E-B0D6-E24651376458}.Release|Any CPU.ActiveCfg = Release|Any CPU
		{29668ED0-8B18-4C6E-B0D6-E24651376458}.Release|Any CPU.Build.0 = Release|Any CPU
	EndGlobalSection
	GlobalSection(SolutionProperties) = preSolution
		HideSolutionNode = FALSE
	EndGlobalSection
	GlobalSection(ExtensibilityGlobals) = postSolution
		SolutionGuid = {2C55EDC8-4F1A-47F0-9ED7-0536448A190B}
	EndGlobalSection
EndGlobal
