
Microsoft Visual Studio Solution File, Format Version 12.00
# Visual Studio Version 16
VisualStudioVersion = 16.0.30002.166
MinimumVisualStudioVersion = 10.0.40219.1
Project("{FAE04EC0-301F-11D3-BF4B-00C04F79EFBC}") = "4Lab", "4Lab\4Lab.csproj", "{D71CA799-9CD9-4308-9DF4-057DB06158D5}"
EndProject
Global
	GlobalSection(SolutionConfigurationPlatforms) = preSolution
		Debug|Any CPU = Debug|Any CPU
		Release|Any CPU = Release|Any CPU
	EndGlobalSection
	GlobalSection(ProjectConfigurationPlatforms) = postSolution
		{D71CA799-9CD9-4308-9DF4-057DB06158D5}.Debug|Any CPU.ActiveCfg = Debug|Any CPU
		{D71CA799-9CD9-4308-9DF4-057DB06158D5}.Debug|Any CPU.Build.0 = Debug|Any CPU
		{D71CA799-9CD9-4308-9DF4-057DB06158D5}.Release|Any CPU.ActiveCfg = Release|Any CPU
		{D71CA799-9CD9-4308-9DF4-057DB06158D5}.Release|Any CPU.Build.0 = Release|Any CPU
	EndGlobalSection
	GlobalSection(SolutionProperties) = preSolution
		HideSolutionNode = FALSE
	EndGlobalSection
	GlobalSection(ExtensibilityGlobals) = postSolution
		SolutionGuid = {760C208F-CA7B-40C2-BBB9-B926CD368B2E}
	EndGlobalSection
EndGlobal
